
Microsoft Visual Studio Solution File, Format Version 12.00
# Visual Studio 15
VisualStudioVersion = 15.0.27004.2010
MinimumVisualStudioVersion = 10.0.40219.1
Project("{FAE04EC0-301F-11D3-BF4B-00C04F79EFBC}") = "Resistance", "Resistance\Resistance.csproj", "{558CE565-0076-493A-B345-7C15E1FB711D}"
EndProject
Global
	GlobalSection(SolutionConfigurationPlatforms) = preSolution
		Debug|Any CPU = Debug|Any CPU
		Release|Any CPU = Release|Any CPU
	EndGlobalSection
	GlobalSection(ProjectConfigurationPlatforms) = postSolution
		{558CE565-0076-493A-B345-7C15E1FB711D}.Debug|Any CPU.ActiveCfg = Debug|Any CPU
		{558CE565-0076-493A-B345-7C15E1FB711D}.Debug|Any CPU.Build.0 = Debug|Any CPU
		{558CE565-0076-493A-B345-7C15E1FB711D}.Release|Any CPU.ActiveCfg = Release|Any CPU
		{558CE565-0076-493A-B345-7C15E1FB711D}.Release|Any CPU.Build.0 = Release|Any CPU
	EndGlobalSection
	GlobalSection(SolutionProperties) = preSolution
		HideSolutionNode = FALSE
	EndGlobalSection
	GlobalSection(ExtensibilityGlobals) = postSolution
		SolutionGuid = {FFE84754-9FC6-4A5B-BF49-F76AD553A3C8}
	EndGlobalSection
EndGlobal
